
Microsoft Visual Studio Solution File, Format Version 12.00
# Visual Studio 14
VisualStudioVersion = 14.0.25420.1
MinimumVisualStudioVersion = 10.0.40219.1
Project("{FAE04EC0-301F-11D3-BF4B-00C04F79EFBC}") = "billSolution", "billSolution\billSolution.csproj", "{0DE86730-8AA5-4EC1-B659-E270DEA736DA}"
EndProject
Global
	GlobalSection(SolutionConfigurationPlatforms) = preSolution
		Debug|Any CPU = Debug|Any CPU
		Release|Any CPU = Release|Any CPU
	EndGlobalSection
	GlobalSection(ProjectConfigurationPlatforms) = postSolution
		{0DE86730-8AA5-4EC1-B659-E270DEA736DA}.Debug|Any CPU.ActiveCfg = Debug|Any CPU
		{0DE86730-8AA5-4EC1-B659-E270DEA736DA}.Debug|Any CPU.Build.0 = Debug|Any CPU
		{0DE86730-8AA5-4EC1-B659-E270DEA736DA}.Release|Any CPU.ActiveCfg = Release|Any CPU
		{0DE86730-8AA5-4EC1-B659-E270DEA736DA}.Release|Any CPU.Build.0 = Release|Any CPU
	EndGlobalSection
	GlobalSection(SolutionProperties) = preSolution
		HideSolutionNode = FALSE
	EndGlobalSection
EndGlobal
